// !$*UTF8*$!
{
	archiveVersion = 1;
	classes = {
	};
	objectVersion = 46;
	objects = {

/* Begin PBXBuildFile section */
		45D590A71F6AE3F100B33CF9 /* AppDelegate.swift in Sources */ = {isa = PBXBuildFile; fileRef = 45D590A61F6AE3F100B33CF9 /* AppDelegate.swift */; };
		45D590A91F6AE3F100B33CF9 /* ViewController.swift in Sources */ = {isa = PBXBuildFile; fileRef = 45D590A81F6AE3F100B33CF9 /* ViewController.swift */; };
		45D590AC1F6AE3F100B33CF9 /* Main.storyboard in Resources */ = {isa = PBXBuildFile; fileRef = 45D590AA1F6AE3F100B33CF9 /* Main.storyboard */; };
		45D590AE1F6AE3F100B33CF9 /* Assets.xcassets in Resources */ = {isa = PBXBuildFile; fileRef = 45D590AD1F6AE3F100B33CF9 /* Assets.xcassets */; };
		45D590B11F6AE3F100B33CF9 /* LaunchScreen.storyboard in Resources */ = {isa = PBXBuildFile; fileRef = 45D590AF1F6AE3F100B33CF9 /* LaunchScreen.storyboard */; };
/* End PBXBuildFile section */

/* Begin PBXFileReference section */
		45D590A31F6AE3F100B33CF9 /* Currency converter.app */ = {isa = PBXFileReference; explicitFileType = wrapper.application; includeInIndex = 0; path = "Currency converter.app"; sourceTree = BUILT_PRODUCTS_DIR; };
		45D590A61F6AE3F100B33CF9 /* AppDelegate.swift */ = {isa = PBXFileReference; lastKnownFileType = sourcecode.swift; path = AppDelegate.swift; sourceTree = "<group>"; };
		45D590A81F6AE3F100B33CF9 /* ViewController.swift */ = {isa = PBXFileReference; lastKnownFileType = sourcecode.swift; path = ViewController.swift; sourceTree = "<group>"; };
		45D590AB1F6AE3F100B33CF9 /* Base */ = {isa = PBXFileReference; lastKnownFileType = file.storyboard; name = Base; path = Base.lproj/Main.storyboard; sourceTree = "<group>"; };
		45D590AD1F6AE3F100B33CF9 /* Assets.xcassets */ = {isa = PBXFileReference; lastKnownFileType = folder.assetcatalog; path = Assets.xcassets; sourceTree = "<group>"; };
		45D590B01F6AE3F100B33CF9 /* Base */ = {isa = PBXFileReference; lastKnownFileType = file.storyboard; name = Base; path = Base.lproj/LaunchScreen.storyboard; sourceTree = "<group>"; };
		45D590B21F6AE3F100B33CF9 /* Info.plist */ = {isa = PBXFileReference; lastKnownFileType = text.plist.xml; path = Info.plist; sourceTree = "<group>"; };
/* End PBXFileReference section */

/* Begin PBXFrameworksBuildPhase section */
		45D590A01F6AE3F100B33CF9 /* Frameworks */ = {
			isa = PBXFrameworksBuildPhase;
			buildActionMask = 2147483647;
			files = (
			);
			runOnlyForDeploymentPostprocessing = 0;
		};
/* End PBXFrameworksBuildPhase section */

/* Begin PBXGroup section */
		45D5909A1F6AE3F100B33CF9 = {
			isa = PBXGroup;
			children = (
				45D590A51F6AE3F100B33CF9 /* Currency converter */,
				45D590A41F6AE3F100B33CF9 /* Products */,
			);
			sourceTree = "<group>";
		};
		45D590A41F6AE3F100B33CF9 /* Products */ = {
			isa = PBXGroup;
			children = (
				45D590A31F6AE3F100B33CF9 /* Currency converter.app */,
			);
			name = Products;
			sourceTree = "<group>";
		};
		45D590A51F6AE3F100B33CF9 /* Currency converter */ = {
			isa = PBXGroup;
			children = (
				45D590A61F6AE3F100B33CF9 /* AppDelegate.swift */,
				45D590A81F6AE3F100B33CF9 /* ViewController.swift */,
				45D590AA1F6AE3F100B33CF9 /* Main.storyboard */,
				45D590AD1F6AE3F100B33CF9 /* Assets.xcassets */,
				45D590AF1F6AE3F100B33CF9 /* LaunchScreen.storyboard */,
				45D590B21F6AE3F100B33CF9 /* Info.plist */,
			);
			path = "Currency converter";
			sourceTree = "<group>";
		};
/* End PBXGroup section */

/* Begin PBXNativeTarget section */
		45D590A21F6AE3F100B33CF9 /* Currency converter */ = {
			isa = PBXNativeTarget;
			buildConfigurationList = 45D590B51F6AE3F100B33CF9 /* Build configuration list for PBXNativeTarget "Currency converter" */;
			buildPhases = (
				45D5909F1F6AE3F100B33CF9 /* Sources */,
				45D590A01F6AE3F100B33CF9 /* Frameworks */,
				45D590A11F6AE3F100B33CF9 /* Resources */,
			);
			buildRules = (
			);
			dependencies = (
			);
			name = "Currency converter";
			productName = "Currency converter";
			productReference = 45D590A31F6AE3F100B33CF9 /* Currency converter.app */;
			productType = "com.apple.product-type.application";
		};
/* End PBXNativeTarget section */

/* Begin PBXProject section */
		45D5909B1F6AE3F100B33CF9 /* Project object */ = {
			isa = PBXProject;
			attributes = {
				LastSwiftUpdateCheck = 0830;
				LastUpgradeCheck = 0830;
				ORGANIZATIONNAME = Dasha;
				TargetAttributes = {
					45D590A21F6AE3F100B33CF9 = {
						CreatedOnToolsVersion = 8.3.3;
						DevelopmentTeam = Y833CF39R2;
						ProvisioningStyle = Automatic;
					};
				};
			};
			buildConfigurationList = 45D5909E1F6AE3F100B33CF9 /* Build configuration list for PBXProject "Currency converter" */;
			compatibilityVersion = "Xcode 3.2";
			developmentRegion = English;
			hasScannedForEncodings = 0;
			knownRegions = (
				en,
				Base,
			);
			mainGroup = 45D5909A1F6AE3F100B33CF9;
			productRefGroup = 45D590A41F6AE3F100B33CF9 /* Products */;
			projectDirPath = "";
			projectRoot = "";
			targets = (
				45D590A21F6AE3F100B33CF9 /* Currency converter */,
			);
		};
/* End PBXProject section */

/* Begin PBXResourcesBuildPhase section */
		45D590A11F6AE3F100B33CF9 /* Resources */ = {
			isa = PBXResourcesBuildPhase;
			buildActionMask = 2147483647;
			files = (
				45D590B11F6AE3F100B33CF9 /* LaunchScreen.storyboard in Resources */,
				45D590AE1F6AE3F100B33CF9 /* Assets.xcassets in Resources */,
				45D590AC1F6AE3F100B33CF9 /* Main.storyboard in Resources */,
			);
			runOnlyForDeploymentPostprocessing = 0;
		};
/* End PBXResourcesBuildPhase section */

/* Begin PBXSourcesBuildPhase section */
		45D5909F1F6AE3F100B33CF9 /* Sources */ = {
			isa = PBXSourcesBuildPhase;
			buildActionMask = 2147483647;
			files = (
				45D590A91F6AE3F100B33CF9 /* ViewController.swift in Sources */,
				45D590A71F6AE3F100B33CF9 /* AppDelegate.swift in Sources */,
			);
			runOnlyForDeploymentPostprocessing = 0;
		};
/* End PBXSourcesBuildPhase section */

/* Begin PBXVariantGroup section */
		45D590AA1F6AE3F100B33CF9 /* Main.storyboard */ = {
			isa = PBXVariantGroup;
			children = (
				45D590AB1F6AE3F100B33CF9 /* Base */,
			);
			name = Main.storyboard;
			sourceTree = "<group>";
		};
		45D590AF1F6AE3F100B33CF9 /* LaunchScreen.storyboard */ = {
			isa = PBXVariantGroup;
			children = (
				45D590B01F6AE3F100B33CF9 /* Base */,
			);
			name = LaunchScreen.storyboard;
			sourceTree = "<group>";
		};
/* End PBXVariantGroup section */

/* Begin XCBuildConfiguration section */
		45D590B31F6AE3F100B33CF9 /* Debug */ = {
			isa = XCBuildConfiguration;
			buildSettings = {
				ALWAYS_SEARCH_USER_PATHS = NO;
				CLANG_ANALYZER_NONNULL = YES;
				CLANG_ANALYZER_NUMBER_OBJECT_CONVERSION = YES_AGGRESSIVE;
				CLANG_CXX_LANGUAGE_STANDARD = "gnu++0x";
				CLANG_CXX_LIBRARY = "libc++";
				CLANG_ENABLE_MODULES = YES;
				CLANG_ENABLE_OBJC_ARC = YES;
				CLANG_WARN_BOOL_CONVERSION = YES;
				CLANG_WARN_CONSTANT_CONVERSION = YES;
				CLANG_WARN_DIRECT_OBJC_ISA_USAGE = YES_ERROR;
				CLANG_WARN_DOCUMENTATION_COMMENTS = YES;
				CLANG_WARN_EMPTY_BODY = YES;
				CLANG_WARN_ENUM_CONVERSION = YES;
				CLANG_WARN_INFINITE_RECURSION = YES;
				CLANG_WARN_INT_CONVERSION = YES;
				CLANG_WARN_OBJC_ROOT_CLASS = YES_ERROR;
				CLANG_WARN_SUSPICIOUS_MOVE = YES;
				CLANG_WARN_UNREACHABLE_CODE = YES;
				CLANG_WARN__DUPLICATE_METHOD_MATCH = YES;
				"CODE_SIGN_IDENTITY[sdk=iphoneos*]" = "iPhone Developer";
				COPY_PHASE_STRIP = NO;
				DEBUG_INFORMATION_FORMAT = dwarf;
				ENABLE_STRICT_OBJC_MSGSEND = YES;
				ENABLE_TESTABILITY = YES;
				GCC_C_LANGUAGE_STANDARD = gnu99;
				GCC_DYNAMIC_NO_PIC = NO;
				GCC_NO_COMMON_BLOCKS = YES;
				GCC_OPTIMIZATION_LEVEL = 0;
				GCC_PREPROCESSOR_DEFINITIONS = (
					"DEBUG=1",
					"$(inherited)",
				);
				GCC_WARN_64_TO_32_BIT_CONVERSION = YES;
				GCC_WARN_ABOUT_RETURN_TYPE = YES_ERROR;
				GCC_WARN_UNDECLARED_SELECTOR = YES;
				GCC_WARN_UNINITIALIZED_AUTOS = YES_AGGRESSIVE;
				GCC_WARN_UNUSED_FUNCTION = YES;
				GCC_WARN_UNUSED_VARIABLE = YES;
				IPHONEOS_DEPLOYMENT_TARGET = 10.3;
				MTL_ENABLE_DEBUG_INFO = YES;
				ONLY_ACTIVE_ARCH = YES;
				SDKROOT = iphoneos;
				SWIFT_ACTIVE_COMPILATION_CONDITIONS = DEBUG;
				SWIFT_OPTIMIZATION_LEVEL = "-Onone";
			};
			name = Debug;
		};
		45D590B41F6AE3F100B33CF9 /* Release */ = {
			isa = XCBuildConfiguration;
			buildSettings = {
				ALWAYS_SEARCH_USER_PATHS = NO;
				CLANG_ANALYZER_NONNULL = YES;
				CLANG_ANALYZER_NUMBER_OBJECT_CONVERSION = YES_AGGRESSIVE;
				CLANG_CXX_LANGUAGE_STANDARD = "gnu++0x";
				CLANG_CXX_LIBRARY = "libc++";
				CLANG_ENABLE_MODULES = YES;
				CLANG_ENABLE_OBJC_ARC = YES;
				CLANG_WARN_BOOL_CONVERSION = YES;
				CLANG_WARN_CONSTANT_CONVERSION = YES;
				CLANG_WARN_DIRECT_OBJC_ISA_USAGE = YES_ERROR;
				CLANG_WARN_DOCUMENTATION_COMMENTS = YES;
				CLANG_WARN_EMPTY_BODY = YES;
				CLANG_WARN_ENUM_CONVERSION = YES;
				CLANG_WARN_INFINITE_RECURSION = YES;
				CLANG_WARN_INT_CONVERSION = YES;
				CLANG_WARN_OBJC_ROOT_CLASS = YES_ERROR;
				CLANG_WARN_SUSPICIOUS_MOVE = YES;
				CLANG_WARN_UNREACHABLE_CODE = YES;
				CLANG_WARN__DUPLICATE_METHOD_MATCH = YES;
				"CODE_SIGN_IDENTITY[sdk=iphoneos*]" = "iPhone Developer";
				COPY_PHASE_STRIP = NO;
				DEBUG_INFORMATION_FORMAT = "dwarf-with-dsym";
				ENABLE_NS_ASSERTIONS = NO;
				ENABLE_STRICT_OBJC_MSGSEND = YES;
				GCC_C_LANGUAGE_STANDARD = gnu99;
				GCC_NO_COMMON_BLOCKS = YES;
				GCC_WARN_64_TO_32_BIT_CONVERSION = YES;
				GCC_WARN_ABOUT_RETURN_TYPE = YES_ERROR;
				GCC_WARN_UNDECLARED_SELECTOR = YES;
				GCC_WARN_UNINITIALIZED_AUTOS = YES_AGGRESSIVE;
				GCC_WARN_UNUSED_FUNCTION = YES;
				GCC_WARN_UNUSED_VARIABLE = YES;
				IPHONEOS_DEPLOYMENT_TARGET = 10.3;
				MTL_ENABLE_DEBUG_INFO = NO;
				SDKROOT = iphoneos;
				SWIFT_OPTIMIZATION_LEVEL = "-Owholemodule";
				VALIDATE_PRODUCT = YES;
			};
			name = Release;
		};
		45D590B61F6AE3F100B33CF9 /* Debug */ = {
			isa = XCBuildConfiguration;
			buildSettings = {
				ASSETCATALOG_COMPILER_APPICON_NAME = AppIcon;
				DEVELOPMENT_TEAM = Y833CF39R2;
				INFOPLIST_FILE = "Currency converter/Info.plist";
				LD_RUNPATH_SEARCH_PATHS = "$(inherited) @executable_path/Frameworks";
				PRODUCT_BUNDLE_IDENTIFIER = "dariaroi.Currency-converter";
				PRODUCT_NAME = "$(TARGET_NAME)";
				SWIFT_VERSION = 3.0;
			};
			name = Debug;
		};
		45D590B71F6AE3F100B33CF9 /* Release */ = {
			isa = XCBuildConfiguration;
			buildSettings = {
				ASSETCATALOG_COMPILER_APPICON_NAME = AppIcon;
				DEVELOPMENT_TEAM = Y833CF39R2;
				INFOPLIST_FILE = "Currency converter/Info.plist";
				LD_RUNPATH_SEARCH_PATHS = "$(inherited) @executable_path/Frameworks";
				PRODUCT_BUNDLE_IDENTIFIER = "dariaroi.Currency-converter";
				PRODUCT_NAME = "$(TARGET_NAME)";
				SWIFT_VERSION = 3.0;
			};
			name = Release;
		};
/* End XCBuildConfiguration section */

/* Begin XCConfigurationList section */
		45D5909E1F6AE3F100B33CF9 /* Build configuration list for PBXProject "Currency converter" */ = {
			isa = XCConfigurationList;
			buildConfigurations = (
				45D590B31F6AE3F100B33CF9 /* Debug */,
				45D590B41F6AE3F100B33CF9 /* Release */,
			);
			defaultConfigurationIsVisible = 0;
			defaultConfigurationName = Release;
		};
		45D590B51F6AE3F100B33CF9 /* Build configuration list for PBXNativeTarget "Currency converter" */ = {
			isa = XCConfigurationList;
			buildConfigurations = (
				45D590B61F6AE3F100B33CF9 /* Debug */,
				45D590B71F6AE3F100B33CF9 /* Release */,
			);
			defaultConfigurationIsVisible = 0;
		};
/* End XCConfigurationList section */
	};
	rootObject = 45D5909B1F6AE3F100B33CF9 /* Project object */;
}
